
Microsoft Visual Studio Solution File, Format Version 12.00
# Visual Studio Version 17
VisualStudioVersion = 17.4.33205.214
MinimumVisualStudioVersion = 10.0.40219.1
Project("{9A19103F-16F7-4668-BE54-9A1E7A4F7556}") = "ProyectoTienda2", "ProyectoTienda2\ProyectoTienda2.csproj", "{DCDFEAD1-E068-457A-BDCA-1AAD4F1785A1}"
EndProject
Project("{FAE04EC0-301F-11D3-BF4B-00C04F79EFBC}") = "Tienda2", "Tienda2\Tienda2.csproj", "{B1D02BC6-5E67-4D98-AE69-89F4316FE1A8}"
EndProject
Global
	GlobalSection(SolutionConfigurationPlatforms) = preSolution
		Debug|Any CPU = Debug|Any CPU
		Release|Any CPU = Release|Any CPU
	EndGlobalSection
	GlobalSection(ProjectConfigurationPlatforms) = postSolution
		{DCDFEAD1-E068-457A-BDCA-1AAD4F1785A1}.Debug|Any CPU.ActiveCfg = Debug|Any CPU
		{DCDFEAD1-E068-457A-BDCA-1AAD4F1785A1}.Debug|Any CPU.Build.0 = Debug|Any CPU
		{DCDFEAD1-E068-457A-BDCA-1AAD4F1785A1}.Release|Any CPU.ActiveCfg = Release|Any CPU
		{DCDFEAD1-E068-457A-BDCA-1AAD4F1785A1}.Release|Any CPU.Build.0 = Release|Any CPU
		{B1D02BC6-5E67-4D98-AE69-89F4316FE1A8}.Debug|Any CPU.ActiveCfg = Debug|Any CPU
		{B1D02BC6-5E67-4D98-AE69-89F4316FE1A8}.Debug|Any CPU.Build.0 = Debug|Any CPU
		{B1D02BC6-5E67-4D98-AE69-89F4316FE1A8}.Release|Any CPU.ActiveCfg = Release|Any CPU
		{B1D02BC6-5E67-4D98-AE69-89F4316FE1A8}.Release|Any CPU.Build.0 = Release|Any CPU
	EndGlobalSection
	GlobalSection(SolutionProperties) = preSolution
		HideSolutionNode = FALSE
	EndGlobalSection
	GlobalSection(ExtensibilityGlobals) = postSolution
		SolutionGuid = {6EBA51AE-D4D7-489D-B1AB-6150DA8C6011}
	EndGlobalSection
EndGlobal
